// !$*UTF8*$!
{
	archiveVersion = 1;
	classes = {
	};
	objectVersion = 46;
	objects = {

/* Begin PBXBuildFile section */
		170AFE461E5CDCA300083424 /* NSAttributedStringExtensions.swift in Sources */ = {isa = PBXBuildFile; fileRef = 170AFE451E5CDCA300083424 /* NSAttributedStringExtensions.swift */; };
		170AFE481E5EDB7A00083424 /* StringExtensions.swift in Sources */ = {isa = PBXBuildFile; fileRef = 170AFE471E5EDB7A00083424 /* StringExtensions.swift */; };
		1712FA0E1E815B67004810A1 /* HighlightRect.swift in Sources */ = {isa = PBXBuildFile; fileRef = 1712FA0D1E815B67004810A1 /* HighlightRect.swift */; };
		1712FA101E81EAE4004810A1 /* MushafPageManager.swift in Sources */ = {isa = PBXBuildFile; fileRef = 1712FA0F1E81EAE4004810A1 /* MushafPageManager.swift */; };
		17210B181E87F8570055BEF3 /* LocationManager.swift in Sources */ = {isa = PBXBuildFile; fileRef = 17210B171E87F8570055BEF3 /* LocationManager.swift */; };
		17210B1A1E8812C20055BEF3 /* PrayerTimesManager.swift in Sources */ = {isa = PBXBuildFile; fileRef = 17210B191E8812C20055BEF3 /* PrayerTimesManager.swift */; };
		17210B1E1E884D1D0055BEF3 /* PrayerTimesViewController.swift in Sources */ = {isa = PBXBuildFile; fileRef = 17210B1D1E884D1D0055BEF3 /* PrayerTimesViewController.swift */; };
		17210B201E89072E0055BEF3 /* PrayerSwitchEnableTableViewCell.swift in Sources */ = {isa = PBXBuildFile; fileRef = 17210B1F1E89072E0055BEF3 /* PrayerSwitchEnableTableViewCell.swift */; };
		17210B221E8907700055BEF3 /* PrayerTimeTableViewCell.swift in Sources */ = {isa = PBXBuildFile; fileRef = 17210B211E8907700055BEF3 /* PrayerTimeTableViewCell.swift */; };
		17210B241E8907E10055BEF3 /* PrayerSettingsFullTimesTableViewCell.swift in Sources */ = {isa = PBXBuildFile; fileRef = 17210B231E8907E10055BEF3 /* PrayerSettingsFullTimesTableViewCell.swift */; };
		17210B261E8907FD0055BEF3 /* PrayerSettingsTitleTableViewCell.swift in Sources */ = {isa = PBXBuildFile; fileRef = 17210B251E8907FD0055BEF3 /* PrayerSettingsTitleTableViewCell.swift */; };
		17210B281E8908510055BEF3 /* PrayerSettingsLabelTableViewCell.swift in Sources */ = {isa = PBXBuildFile; fileRef = 17210B271E8908510055BEF3 /* PrayerSettingsLabelTableViewCell.swift */; };
		17210B2A1E8908710055BEF3 /* PrayerSettingsSoundTableViewCell.swift in Sources */ = {isa = PBXBuildFile; fileRef = 17210B291E8908710055BEF3 /* PrayerSettingsSoundTableViewCell.swift */; };
		17210B2C1E8908950055BEF3 /* PrayerAdjustmentTableViewCell.swift in Sources */ = {isa = PBXBuildFile; fileRef = 17210B2B1E8908950055BEF3 /* PrayerAdjustmentTableViewCell.swift */; };
		172329BC1E8C319A0083D4AC /* MushafFeaturesTopSummeryTableViewCell.swift in Sources */ = {isa = PBXBuildFile; fileRef = 172329BB1E8C319A0083D4AC /* MushafFeaturesTopSummeryTableViewCell.swift */; };
		172329BE1E8C31B80083D4AC /* MushafFeaturesIconLabelTableViewCell.swift in Sources */ = {isa = PBXBuildFile; fileRef = 172329BD1E8C31B80083D4AC /* MushafFeaturesIconLabelTableViewCell.swift */; };
		172329C01E8C78F90083D4AC /* MushafTopic.swift in Sources */ = {isa = PBXBuildFile; fileRef = 172329BF1E8C78F90083D4AC /* MushafTopic.swift */; };
		1744B2591E70512E00641FA0 /* HelveticaNeueW23-Bd.ttf in Resources */ = {isa = PBXBuildFile; fileRef = 1744B2551E70512E00641FA0 /* HelveticaNeueW23-Bd.ttf */; };
		1744B25A1E70512E00641FA0 /* HelveticaNeueW23-Reg.ttf in Resources */ = {isa = PBXBuildFile; fileRef = 1744B2561E70512E00641FA0 /* HelveticaNeueW23-Reg.ttf */; };
		1744B25B1E70512E00641FA0 /* Roboto-Medium.ttf in Resources */ = {isa = PBXBuildFile; fileRef = 1744B2571E70512E00641FA0 /* Roboto-Medium.ttf */; };
		1744B25C1E70512E00641FA0 /* Roboto-Regular.ttf in Resources */ = {isa = PBXBuildFile; fileRef = 1744B2581E70512E00641FA0 /* Roboto-Regular.ttf */; };
		1744B25F1E70567600641FA0 /* FontManager.swift in Sources */ = {isa = PBXBuildFile; fileRef = 1744B25E1E70567600641FA0 /* FontManager.swift */; };
		1744B2611E70584400641FA0 /* GQLabel.swift in Sources */ = {isa = PBXBuildFile; fileRef = 1744B2601E70584400641FA0 /* GQLabel.swift */; };
		1744B2631E705E7300641FA0 /* GQButton.swift in Sources */ = {isa = PBXBuildFile; fileRef = 1744B2621E705E7300641FA0 /* GQButton.swift */; };
		1744B2651E705F3C00641FA0 /* GQTextField.swift in Sources */ = {isa = PBXBuildFile; fileRef = 1744B2641E705F3C00641FA0 /* GQTextField.swift */; };
		1744B2681E74276200641FA0 /* SideMenuViewController.swift in Sources */ = {isa = PBXBuildFile; fileRef = 1744B2671E74276200641FA0 /* SideMenuViewController.swift */; };
		1744B26A1E74279100641FA0 /* MushafFeaturesViewController.swift in Sources */ = {isa = PBXBuildFile; fileRef = 1744B2691E74279100641FA0 /* MushafFeaturesViewController.swift */; };
		1744B2711E744B2300641FA0 /* GQSegmentedControl.swift in Sources */ = {isa = PBXBuildFile; fileRef = 1744B2701E744B2300641FA0 /* GQSegmentedControl.swift */; };
		1761D0831E6779A50026A7FC /* MushafViewerViewController.swift in Sources */ = {isa = PBXBuildFile; fileRef = 1761D0821E6779A50026A7FC /* MushafViewerViewController.swift */; };
		1761D0861E677E400026A7FC /* MushafPageViewController.swift in Sources */ = {isa = PBXBuildFile; fileRef = 1761D0851E677E400026A7FC /* MushafPageViewController.swift */; };
		1761D0881E677E840026A7FC /* Mushaf.storyboard in Resources */ = {isa = PBXBuildFile; fileRef = 1761D0871E677E840026A7FC /* Mushaf.storyboard */; };
		1761D08A1E686C9C0026A7FC /* UIImageExtensions.swift in Sources */ = {isa = PBXBuildFile; fileRef = 1761D0891E686C9C0026A7FC /* UIImageExtensions.swift */; };
		177226571E6CC1AD001AA714 /* AddMushafNameViewController.swift in Sources */ = {isa = PBXBuildFile; fileRef = 177226561E6CC1AD001AA714 /* AddMushafNameViewController.swift */; };
		17C13D761E5CC0F8003CC179 /* AddMushafViewController.swift in Sources */ = {isa = PBXBuildFile; fileRef = 17C13D751E5CC0F8003CC179 /* AddMushafViewController.swift */; };
		17C13D791E5CC2A3003CC179 /* AddMushafCollectionViewCell.swift in Sources */ = {isa = PBXBuildFile; fileRef = 17C13D781E5CC2A3003CC179 /* AddMushafCollectionViewCell.swift */; };
		17C13D7C1E5CC3BF003CC179 /* GradientView.swift in Sources */ = {isa = PBXBuildFile; fileRef = 17C13D7B1E5CC3BF003CC179 /* GradientView.swift */; };
		17C13D7F1E5CC5ED003CC179 /* UIViewExtensions.swift in Sources */ = {isa = PBXBuildFile; fileRef = 17C13D7E1E5CC5ED003CC179 /* UIViewExtensions.swift */; };
		17EA2E2B1E6DFFF10087FFF5 /* MushafListViewController.swift in Sources */ = {isa = PBXBuildFile; fileRef = 17EA2E2A1E6DFFF10087FFF5 /* MushafListViewController.swift */; };
		17EA2E2E1E6E02D20087FFF5 /* MushafListTableViewCell.swift in Sources */ = {isa = PBXBuildFile; fileRef = 17EA2E2D1E6E02D20087FFF5 /* MushafListTableViewCell.swift */; };
		17EA2E301E6E05280087FFF5 /* DateExtensions.swift in Sources */ = {isa = PBXBuildFile; fileRef = 17EA2E2F1E6E05280087FFF5 /* DateExtensions.swift */; };
		17EB64901E6F35AE00D518C2 /* DateHelper.swift in Sources */ = {isa = PBXBuildFile; fileRef = 17EB648F1E6F35AE00D518C2 /* DateHelper.swift */; };
		17EB64951E6F381700D518C2 /* Localizable.strings in Resources */ = {isa = PBXBuildFile; fileRef = 17EB64971E6F381700D518C2 /* Localizable.strings */; };
		17EB649B1E6F4C1300D518C2 /* UIApplicationExtension.swift in Sources */ = {isa = PBXBuildFile; fileRef = 17EB649A1E6F4C1300D518C2 /* UIApplicationExtension.swift */; };
		17EB649D1E6F4D1C00D518C2 /* LanguageManager.swift in Sources */ = {isa = PBXBuildFile; fileRef = 17EB649C1E6F4D1C00D518C2 /* LanguageManager.swift */; };
		17F30EB11E8403D2005EFEE3 /* GQHighlightView.swift in Sources */ = {isa = PBXBuildFile; fileRef = 17F30EB01E8403D2005EFEE3 /* GQHighlightView.swift */; };
		8118FE823460C8039945042C /* Pods_GoldenQuranSwift.framework in Frameworks */ = {isa = PBXBuildFile; fileRef = 4F458ADCCD9FAF5DB9F49930 /* Pods_GoldenQuranSwift.framework */; };
		97318D3E1E5A4D0500A4463B /* GoldenQuranRes in Resources */ = {isa = PBXBuildFile; fileRef = 97318D3D1E5A4D0500A4463B /* GoldenQuranRes */; };
		976A893B1E50E81700697DD2 /* AppDelegate.swift in Sources */ = {isa = PBXBuildFile; fileRef = 976A893A1E50E81700697DD2 /* AppDelegate.swift */; };
		976A89401E50E81700697DD2 /* Main.storyboard in Resources */ = {isa = PBXBuildFile; fileRef = 976A893E1E50E81700697DD2 /* Main.storyboard */; };
		976A89421E50E81700697DD2 /* Assets.xcassets in Resources */ = {isa = PBXBuildFile; fileRef = 976A89411E50E81700697DD2 /* Assets.xcassets */; };
		976A89451E50E81700697DD2 /* LaunchScreen.storyboard in Resources */ = {isa = PBXBuildFile; fileRef = 976A89431E50E81700697DD2 /* LaunchScreen.storyboard */; };
		976A89511E50EE2500697DD2 /* NotificationsManager.swift in Sources */ = {isa = PBXBuildFile; fileRef = 976A89501E50EE2500697DD2 /* NotificationsManager.swift */; };
		976A89531E50EEAA00697DD2 /* DBManager.swift in Sources */ = {isa = PBXBuildFile; fileRef = 976A89521E50EEAA00697DD2 /* DBManager.swift */; };
		976A89571E50F07A00697DD2 /* Constants.swift in Sources */ = {isa = PBXBuildFile; fileRef = 976A89561E50F07A00697DD2 /* Constants.swift */; };
		976A895A1E510B0E00697DD2 /* Mus7af.swift in Sources */ = {isa = PBXBuildFile; fileRef = 976A89591E510B0E00697DD2 /* Mus7af.swift */; };
		976A895C1E510B5A00697DD2 /* Mus7afManager.swift in Sources */ = {isa = PBXBuildFile; fileRef = 976A895B1E510B5A00697DD2 /* Mus7afManager.swift */; };
		976A895F1E51174100697DD2 /* Mus7af.db in Resources */ = {isa = PBXBuildFile; fileRef = 976A895E1E51174100697DD2 /* Mus7af.db */; };
/* End PBXBuildFile section */

/* Begin PBXFileReference section */
		170AFE451E5CDCA300083424 /* NSAttributedStringExtensions.swift */ = {isa = PBXFileReference; fileEncoding = 4; lastKnownFileType = sourcecode.swift; path = NSAttributedStringExtensions.swift; sourceTree = "<group>"; };
		170AFE471E5EDB7A00083424 /* StringExtensions.swift */ = {isa = PBXFileReference; fileEncoding = 4; lastKnownFileType = sourcecode.swift; path = StringExtensions.swift; sourceTree = "<group>"; };
		1712FA0D1E815B67004810A1 /* HighlightRect.swift */ = {isa = PBXFileReference; fileEncoding = 4; lastKnownFileType = sourcecode.swift; path = HighlightRect.swift; sourceTree = "<group>"; };
		1712FA0F1E81EAE4004810A1 /* MushafPageManager.swift */ = {isa = PBXFileReference; fileEncoding = 4; lastKnownFileType = sourcecode.swift; path = MushafPageManager.swift; sourceTree = "<group>"; };
		17210B171E87F8570055BEF3 /* LocationManager.swift */ = {isa = PBXFileReference; fileEncoding = 4; lastKnownFileType = sourcecode.swift; path = LocationManager.swift; sourceTree = "<group>"; };
		17210B191E8812C20055BEF3 /* PrayerTimesManager.swift */ = {isa = PBXFileReference; fileEncoding = 4; lastKnownFileType = sourcecode.swift; path = PrayerTimesManager.swift; sourceTree = "<group>"; };
		17210B1D1E884D1D0055BEF3 /* PrayerTimesViewController.swift */ = {isa = PBXFileReference; fileEncoding = 4; lastKnownFileType = sourcecode.swift; path = PrayerTimesViewController.swift; sourceTree = "<group>"; };
		17210B1F1E89072E0055BEF3 /* PrayerSwitchEnableTableViewCell.swift */ = {isa = PBXFileReference; fileEncoding = 4; lastKnownFileType = sourcecode.swift; path = PrayerSwitchEnableTableViewCell.swift; sourceTree = "<group>"; };
		17210B211E8907700055BEF3 /* PrayerTimeTableViewCell.swift */ = {isa = PBXFileReference; fileEncoding = 4; lastKnownFileType = sourcecode.swift; path = PrayerTimeTableViewCell.swift; sourceTree = "<group>"; };
		17210B231E8907E10055BEF3 /* PrayerSettingsFullTimesTableViewCell.swift */ = {isa = PBXFileReference; fileEncoding = 4; lastKnownFileType = sourcecode.swift; path = PrayerSettingsFullTimesTableViewCell.swift; sourceTree = "<group>"; };
		17210B251E8907FD0055BEF3 /* PrayerSettingsTitleTableViewCell.swift */ = {isa = PBXFileReference; fileEncoding = 4; lastKnownFileType = sourcecode.swift; path = PrayerSettingsTitleTableViewCell.swift; sourceTree = "<group>"; };
		17210B271E8908510055BEF3 /* PrayerSettingsLabelTableViewCell.swift */ = {isa = PBXFileReference; fileEncoding = 4; lastKnownFileType = sourcecode.swift; path = PrayerSettingsLabelTableViewCell.swift; sourceTree = "<group>"; };
		17210B291E8908710055BEF3 /* PrayerSettingsSoundTableViewCell.swift */ = {isa = PBXFileReference; fileEncoding = 4; lastKnownFileType = sourcecode.swift; path = PrayerSettingsSoundTableViewCell.swift; sourceTree = "<group>"; };
		17210B2B1E8908950055BEF3 /* PrayerAdjustmentTableViewCell.swift */ = {isa = PBXFileReference; fileEncoding = 4; lastKnownFileType = sourcecode.swift; path = PrayerAdjustmentTableViewCell.swift; sourceTree = "<group>"; };
		172329BB1E8C319A0083D4AC /* MushafFeaturesTopSummeryTableViewCell.swift */ = {isa = PBXFileReference; fileEncoding = 4; lastKnownFileType = sourcecode.swift; path = MushafFeaturesTopSummeryTableViewCell.swift; sourceTree = "<group>"; };
		172329BD1E8C31B80083D4AC /* MushafFeaturesIconLabelTableViewCell.swift */ = {isa = PBXFileReference; fileEncoding = 4; lastKnownFileType = sourcecode.swift; path = MushafFeaturesIconLabelTableViewCell.swift; sourceTree = "<group>"; };
		172329BF1E8C78F90083D4AC /* MushafTopic.swift */ = {isa = PBXFileReference; fileEncoding = 4; lastKnownFileType = sourcecode.swift; path = MushafTopic.swift; sourceTree = "<group>"; };
		1744B2551E70512E00641FA0 /* HelveticaNeueW23-Bd.ttf */ = {isa = PBXFileReference; lastKnownFileType = file; path = "HelveticaNeueW23-Bd.ttf"; sourceTree = "<group>"; };
		1744B2561E70512E00641FA0 /* HelveticaNeueW23-Reg.ttf */ = {isa = PBXFileReference; lastKnownFileType = file; path = "HelveticaNeueW23-Reg.ttf"; sourceTree = "<group>"; };
		1744B2571E70512E00641FA0 /* Roboto-Medium.ttf */ = {isa = PBXFileReference; lastKnownFileType = file; path = "Roboto-Medium.ttf"; sourceTree = "<group>"; };
		1744B2581E70512E00641FA0 /* Roboto-Regular.ttf */ = {isa = PBXFileReference; lastKnownFileType = file; path = "Roboto-Regular.ttf"; sourceTree = "<group>"; };
		1744B25E1E70567600641FA0 /* FontManager.swift */ = {isa = PBXFileReference; fileEncoding = 4; lastKnownFileType = sourcecode.swift; path = FontManager.swift; sourceTree = "<group>"; };
		1744B2601E70584400641FA0 /* GQLabel.swift */ = {isa = PBXFileReference; fileEncoding = 4; lastKnownFileType = sourcecode.swift; path = GQLabel.swift; sourceTree = "<group>"; };
		1744B2621E705E7300641FA0 /* GQButton.swift */ = {isa = PBXFileReference; fileEncoding = 4; lastKnownFileType = sourcecode.swift; path = GQButton.swift; sourceTree = "<group>"; };
		1744B2641E705F3C00641FA0 /* GQTextField.swift */ = {isa = PBXFileReference; fileEncoding = 4; lastKnownFileType = sourcecode.swift; path = GQTextField.swift; sourceTree = "<group>"; };
		1744B2671E74276200641FA0 /* SideMenuViewController.swift */ = {isa = PBXFileReference; fileEncoding = 4; lastKnownFileType = sourcecode.swift; path = SideMenuViewController.swift; sourceTree = "<group>"; };
		1744B2691E74279100641FA0 /* MushafFeaturesViewController.swift */ = {isa = PBXFileReference; fileEncoding = 4; lastKnownFileType = sourcecode.swift; path = MushafFeaturesViewController.swift; sourceTree = "<group>"; };
		1744B2701E744B2300641FA0 /* GQSegmentedControl.swift */ = {isa = PBXFileReference; fileEncoding = 4; lastKnownFileType = sourcecode.swift; path = GQSegmentedControl.swift; sourceTree = "<group>"; };
		1761D0821E6779A50026A7FC /* MushafViewerViewController.swift */ = {isa = PBXFileReference; fileEncoding = 4; lastKnownFileType = sourcecode.swift; path = MushafViewerViewController.swift; sourceTree = "<group>"; };
		1761D0851E677E400026A7FC /* MushafPageViewController.swift */ = {isa = PBXFileReference; fileEncoding = 4; lastKnownFileType = sourcecode.swift; path = MushafPageViewController.swift; sourceTree = "<group>"; };
		1761D0871E677E840026A7FC /* Mushaf.storyboard */ = {isa = PBXFileReference; fileEncoding = 4; lastKnownFileType = file.storyboard; path = Mushaf.storyboard; sourceTree = "<group>"; };
		1761D0891E686C9C0026A7FC /* UIImageExtensions.swift */ = {isa = PBXFileReference; fileEncoding = 4; lastKnownFileType = sourcecode.swift; path = UIImageExtensions.swift; sourceTree = "<group>"; };
		177226561E6CC1AD001AA714 /* AddMushafNameViewController.swift */ = {isa = PBXFileReference; fileEncoding = 4; lastKnownFileType = sourcecode.swift; path = AddMushafNameViewController.swift; sourceTree = "<group>"; };
		17C13D751E5CC0F8003CC179 /* AddMushafViewController.swift */ = {isa = PBXFileReference; fileEncoding = 4; lastKnownFileType = sourcecode.swift; path = AddMushafViewController.swift; sourceTree = "<group>"; };
		17C13D781E5CC2A3003CC179 /* AddMushafCollectionViewCell.swift */ = {isa = PBXFileReference; fileEncoding = 4; lastKnownFileType = sourcecode.swift; path = AddMushafCollectionViewCell.swift; sourceTree = "<group>"; };
		17C13D7B1E5CC3BF003CC179 /* GradientView.swift */ = {isa = PBXFileReference; fileEncoding = 4; lastKnownFileType = sourcecode.swift; path = GradientView.swift; sourceTree = "<group>"; };
		17C13D7E1E5CC5ED003CC179 /* UIViewExtensions.swift */ = {isa = PBXFileReference; fileEncoding = 4; lastKnownFileType = sourcecode.swift; path = UIViewExtensions.swift; sourceTree = "<group>"; };
		17EA2E2A1E6DFFF10087FFF5 /* MushafListViewController.swift */ = {isa = PBXFileReference; fileEncoding = 4; lastKnownFileType = sourcecode.swift; path = MushafListViewController.swift; sourceTree = "<group>"; };
		17EA2E2D1E6E02D20087FFF5 /* MushafListTableViewCell.swift */ = {isa = PBXFileReference; fileEncoding = 4; lastKnownFileType = sourcecode.swift; path = MushafListTableViewCell.swift; sourceTree = "<group>"; };
		17EA2E2F1E6E05280087FFF5 /* DateExtensions.swift */ = {isa = PBXFileReference; fileEncoding = 4; lastKnownFileType = sourcecode.swift; path = DateExtensions.swift; sourceTree = "<group>"; };
		17EB648F1E6F35AE00D518C2 /* DateHelper.swift */ = {isa = PBXFileReference; fileEncoding = 4; lastKnownFileType = sourcecode.swift; path = DateHelper.swift; sourceTree = "<group>"; };
		17EB64911E6F378500D518C2 /* ar */ = {isa = PBXFileReference; lastKnownFileType = text.plist.strings; name = ar; path = ar.lproj/Main.strings; sourceTree = "<group>"; };
		17EB64921E6F378500D518C2 /* ar */ = {isa = PBXFileReference; lastKnownFileType = text.plist.strings; name = ar; path = ar.lproj/LaunchScreen.strings; sourceTree = "<group>"; };
		17EB64961E6F381700D518C2 /* ar */ = {isa = PBXFileReference; lastKnownFileType = text.plist.strings; name = ar; path = ar.lproj/Localizable.strings; sourceTree = "<group>"; };
		17EB64991E6F382300D518C2 /* Base */ = {isa = PBXFileReference; lastKnownFileType = text.plist.strings; name = Base; path = Base.lproj/Localizable.strings; sourceTree = "<group>"; };
		17EB649A1E6F4C1300D518C2 /* UIApplicationExtension.swift */ = {isa = PBXFileReference; fileEncoding = 4; lastKnownFileType = sourcecode.swift; path = UIApplicationExtension.swift; sourceTree = "<group>"; };
		17EB649C1E6F4D1C00D518C2 /* LanguageManager.swift */ = {isa = PBXFileReference; fileEncoding = 4; lastKnownFileType = sourcecode.swift; path = LanguageManager.swift; sourceTree = "<group>"; };
		17F30EB01E8403D2005EFEE3 /* GQHighlightView.swift */ = {isa = PBXFileReference; fileEncoding = 4; lastKnownFileType = sourcecode.swift; path = GQHighlightView.swift; sourceTree = "<group>"; };
		4F458ADCCD9FAF5DB9F49930 /* Pods_GoldenQuranSwift.framework */ = {isa = PBXFileReference; explicitFileType = wrapper.framework; includeInIndex = 0; path = Pods_GoldenQuranSwift.framework; sourceTree = BUILT_PRODUCTS_DIR; };
		5684535C192D348D0F469C4A /* Pods-GoldenQuranSwift.release.xcconfig */ = {isa = PBXFileReference; includeInIndex = 1; lastKnownFileType = text.xcconfig; name = "Pods-GoldenQuranSwift.release.xcconfig"; path = "Pods/Target Support Files/Pods-GoldenQuranSwift/Pods-GoldenQuranSwift.release.xcconfig"; sourceTree = "<group>"; };
		97318D3D1E5A4D0500A4463B /* GoldenQuranRes */ = {isa = PBXFileReference; lastKnownFileType = folder; path = GoldenQuranRes; sourceTree = "<group>"; };
		976A89371E50E81700697DD2 /* GoldenQuranSwift.app */ = {isa = PBXFileReference; explicitFileType = wrapper.application; includeInIndex = 0; path = GoldenQuranSwift.app; sourceTree = BUILT_PRODUCTS_DIR; };
		976A893A1E50E81700697DD2 /* AppDelegate.swift */ = {isa = PBXFileReference; lastKnownFileType = sourcecode.swift; path = AppDelegate.swift; sourceTree = "<group>"; };
		976A893F1E50E81700697DD2 /* Base */ = {isa = PBXFileReference; lastKnownFileType = file.storyboard; name = Base; path = Base.lproj/Main.storyboard; sourceTree = "<group>"; };
		976A89411E50E81700697DD2 /* Assets.xcassets */ = {isa = PBXFileReference; lastKnownFileType = folder.assetcatalog; path = Assets.xcassets; sourceTree = "<group>"; };
		976A89441E50E81700697DD2 /* Base */ = {isa = PBXFileReference; lastKnownFileType = file.storyboard; name = Base; path = Base.lproj/LaunchScreen.storyboard; sourceTree = "<group>"; };
		976A89461E50E81700697DD2 /* Info.plist */ = {isa = PBXFileReference; lastKnownFileType = text.plist.xml; path = Info.plist; sourceTree = "<group>"; };
		976A89501E50EE2500697DD2 /* NotificationsManager.swift */ = {isa = PBXFileReference; fileEncoding = 4; lastKnownFileType = sourcecode.swift; path = NotificationsManager.swift; sourceTree = "<group>"; };
		976A89521E50EEAA00697DD2 /* DBManager.swift */ = {isa = PBXFileReference; fileEncoding = 4; lastKnownFileType = sourcecode.swift; path = DBManager.swift; sourceTree = "<group>"; };
		976A89561E50F07A00697DD2 /* Constants.swift */ = {isa = PBXFileReference; fileEncoding = 4; lastKnownFileType = sourcecode.swift; path = Constants.swift; sourceTree = "<group>"; };
		976A89591E510B0E00697DD2 /* Mus7af.swift */ = {isa = PBXFileReference; fileEncoding = 4; lastKnownFileType = sourcecode.swift; path = Mus7af.swift; sourceTree = "<group>"; };
		976A895B1E510B5A00697DD2 /* Mus7afManager.swift */ = {isa = PBXFileReference; fileEncoding = 4; lastKnownFileType = sourcecode.swift; path = Mus7afManager.swift; sourceTree = "<group>"; };
		976A895E1E51174100697DD2 /* Mus7af.db */ = {isa = PBXFileReference; lastKnownFileType = file; path = Mus7af.db; sourceTree = "<group>"; };
		C2DFA96C066E8CAB036B33C3 /* Pods-GoldenQuranSwift.debug.xcconfig */ = {isa = PBXFileReference; includeInIndex = 1; lastKnownFileType = text.xcconfig; name = "Pods-GoldenQuranSwift.debug.xcconfig"; path = "Pods/Target Support Files/Pods-GoldenQuranSwift/Pods-GoldenQuranSwift.debug.xcconfig"; sourceTree = "<group>"; };
/* End PBXFileReference section */

/* Begin PBXFrameworksBuildPhase section */
		976A89341E50E81700697DD2 /* Frameworks */ = {
			isa = PBXFrameworksBuildPhase;
			buildActionMask = 2147483647;
			files = (
				8118FE823460C8039945042C /* Pods_GoldenQuranSwift.framework in Frameworks */,
			);
			runOnlyForDeploymentPostprocessing = 0;
		};
/* End PBXFrameworksBuildPhase section */

/* Begin PBXGroup section */
		17210B1B1E883EDB0055BEF3 /* MushafFeaturesMainContainer */ = {
			isa = PBXGroup;
			children = (
				1744B2691E74279100641FA0 /* MushafFeaturesViewController.swift */,
				172329BB1E8C319A0083D4AC /* MushafFeaturesTopSummeryTableViewCell.swift */,
				172329BD1E8C31B80083D4AC /* MushafFeaturesIconLabelTableViewCell.swift */,
				17210B1C1E884CFB0055BEF3 /* PrayerTimesViewController */,
			);
			name = MushafFeaturesMainContainer;
			sourceTree = "<group>";
		};
		17210B1C1E884CFB0055BEF3 /* PrayerTimesViewController */ = {
			isa = PBXGroup;
			children = (
				17210B1D1E884D1D0055BEF3 /* PrayerTimesViewController.swift */,
				17210B1F1E89072E0055BEF3 /* PrayerSwitchEnableTableViewCell.swift */,
				17210B211E8907700055BEF3 /* PrayerTimeTableViewCell.swift */,
				17210B231E8907E10055BEF3 /* PrayerSettingsFullTimesTableViewCell.swift */,
				17210B251E8907FD0055BEF3 /* PrayerSettingsTitleTableViewCell.swift */,
				17210B271E8908510055BEF3 /* PrayerSettingsLabelTableViewCell.swift */,
				17210B291E8908710055BEF3 /* PrayerSettingsSoundTableViewCell.swift */,
				17210B2B1E8908950055BEF3 /* PrayerAdjustmentTableViewCell.swift */,
			);
			name = PrayerTimesViewController;
			sourceTree = "<group>";
		};
		1744B25D1E70563700641FA0 /* Subclasses */ = {
			isa = PBXGroup;
			children = (
				17C13D7B1E5CC3BF003CC179 /* GradientView.swift */,
				1744B2601E70584400641FA0 /* GQLabel.swift */,
				1744B2621E705E7300641FA0 /* GQButton.swift */,
				1744B2641E705F3C00641FA0 /* GQTextField.swift */,
				1744B2701E744B2300641FA0 /* GQSegmentedControl.swift */,
				17F30EB01E8403D2005EFEE3 /* GQHighlightView.swift */,
			);
			name = Subclasses;
			sourceTree = "<group>";
		};
		1761D0841E677DE20026A7FC /* MushafViewer */ = {
			isa = PBXGroup;
			children = (
				1761D0821E6779A50026A7FC /* MushafViewerViewController.swift */,
				1761D0851E677E400026A7FC /* MushafPageViewController.swift */,
			);
			name = MushafViewer;
			sourceTree = "<group>";
		};
		17C13D771E5CC27E003CC179 /* AddMushafViewController */ = {
			isa = PBXGroup;
			children = (
				17C13D751E5CC0F8003CC179 /* AddMushafViewController.swift */,
				17C13D781E5CC2A3003CC179 /* AddMushafCollectionViewCell.swift */,
				177226561E6CC1AD001AA714 /* AddMushafNameViewController.swift */,
			);
			name = AddMushafViewController;
			sourceTree = "<group>";
		};
		17C13D7A1E5CC39D003CC179 /* Utilities */ = {
			isa = PBXGroup;
			children = (
			);
			name = Utilities;
			sourceTree = "<group>";
		};
		17C13D7D1E5CC5A0003CC179 /* Extentions */ = {
			isa = PBXGroup;
			children = (
				17C13D7E1E5CC5ED003CC179 /* UIViewExtensions.swift */,
				170AFE451E5CDCA300083424 /* NSAttributedStringExtensions.swift */,
				170AFE471E5EDB7A00083424 /* StringExtensions.swift */,
				1761D0891E686C9C0026A7FC /* UIImageExtensions.swift */,
				17EA2E2F1E6E05280087FFF5 /* DateExtensions.swift */,
				17EB648F1E6F35AE00D518C2 /* DateHelper.swift */,
				17EB649A1E6F4C1300D518C2 /* UIApplicationExtension.swift */,
			);
			name = Extentions;
			sourceTree = "<group>";
		};
		17EA2E2C1E6DFFFB0087FFF5 /* MushafListViewController */ = {
			isa = PBXGroup;
			children = (
				17EA2E2A1E6DFFF10087FFF5 /* MushafListViewController.swift */,
				17EA2E2D1E6E02D20087FFF5 /* MushafListTableViewCell.swift */,
			);
			name = MushafListViewController;
			sourceTree = "<group>";
		};
		976A892E1E50E81700697DD2 = {
			isa = PBXGroup;
			children = (
				976A89391E50E81700697DD2 /* GoldenQuranSwift */,
				976A89381E50E81700697DD2 /* Products */,
				DD50508A076B3D39AEA7C3E3 /* Pods */,
				B179E955D6E37765A3575CF6 /* Frameworks */,
			);
			sourceTree = "<group>";
		};
		976A89381E50E81700697DD2 /* Products */ = {
			isa = PBXGroup;
			children = (
				976A89371E50E81700697DD2 /* GoldenQuranSwift.app */,
			);
			name = Products;
			sourceTree = "<group>";
		};
		976A89391E50E81700697DD2 /* GoldenQuranSwift */ = {
			isa = PBXGroup;
			children = (
				976A893A1E50E81700697DD2 /* AppDelegate.swift */,
				976A89561E50F07A00697DD2 /* Constants.swift */,
				1744B25D1E70563700641FA0 /* Subclasses */,
				17C13D7D1E5CC5A0003CC179 /* Extentions */,
				17C13D7A1E5CC39D003CC179 /* Utilities */,
				976A89581E510AD100697DD2 /* Objects */,
				976A894F1E50EDF300697DD2 /* Managers */,
				976A894C1E50ED9800697DD2 /* Storyboards */,
				976A894D1E50EDC300697DD2 /* ViewControllers */,
				976A895D1E51170E00697DD2 /* Resources */,
				976A89411E50E81700697DD2 /* Assets.xcassets */,
				976A89431E50E81700697DD2 /* LaunchScreen.storyboard */,
				976A89461E50E81700697DD2 /* Info.plist */,
				17EB64971E6F381700D518C2 /* Localizable.strings */,
			);
			path = GoldenQuranSwift;
			sourceTree = "<group>";
		};
		976A894C1E50ED9800697DD2 /* Storyboards */ = {
			isa = PBXGroup;
			children = (
				976A893E1E50E81700697DD2 /* Main.storyboard */,
				1761D0871E677E840026A7FC /* Mushaf.storyboard */,
			);
			name = Storyboards;
			sourceTree = "<group>";
		};
		976A894D1E50EDC300697DD2 /* ViewControllers */ = {
			isa = PBXGroup;
			children = (
				17C13D771E5CC27E003CC179 /* AddMushafViewController */,
				1761D0841E677DE20026A7FC /* MushafViewer */,
				17EA2E2C1E6DFFFB0087FFF5 /* MushafListViewController */,
				1744B2671E74276200641FA0 /* SideMenuViewController.swift */,
				17210B1B1E883EDB0055BEF3 /* MushafFeaturesMainContainer */,
			);
			name = ViewControllers;
			sourceTree = "<group>";
		};
		976A894F1E50EDF300697DD2 /* Managers */ = {
			isa = PBXGroup;
			children = (
				976A89501E50EE2500697DD2 /* NotificationsManager.swift */,
				17210B191E8812C20055BEF3 /* PrayerTimesManager.swift */,
				17210B171E87F8570055BEF3 /* LocationManager.swift */,
				976A89521E50EEAA00697DD2 /* DBManager.swift */,
				976A895B1E510B5A00697DD2 /* Mus7afManager.swift */,
				17EB649C1E6F4D1C00D518C2 /* LanguageManager.swift */,
				1744B25E1E70567600641FA0 /* FontManager.swift */,
				1712FA0F1E81EAE4004810A1 /* MushafPageManager.swift */,
			);
			name = Managers;
			sourceTree = "<group>";
		};
		976A89581E510AD100697DD2 /* Objects */ = {
			isa = PBXGroup;
			children = (
				976A89591E510B0E00697DD2 /* Mus7af.swift */,
				1712FA0D1E815B67004810A1 /* HighlightRect.swift */,
				172329BF1E8C78F90083D4AC /* MushafTopic.swift */,
			);
			name = Objects;
			sourceTree = "<group>";
		};
		976A895D1E51170E00697DD2 /* Resources */ = {
			isa = PBXGroup;
			children = (
				1744B2551E70512E00641FA0 /* HelveticaNeueW23-Bd.ttf */,
				1744B2561E70512E00641FA0 /* HelveticaNeueW23-Reg.ttf */,
				1744B2571E70512E00641FA0 /* Roboto-Medium.ttf */,
				1744B2581E70512E00641FA0 /* Roboto-Regular.ttf */,
				976A895E1E51174100697DD2 /* Mus7af.db */,
				97318D3D1E5A4D0500A4463B /* GoldenQuranRes */,
			);
			name = Resources;
			sourceTree = "<group>";
		};
		B179E955D6E37765A3575CF6 /* Frameworks */ = {
			isa = PBXGroup;
			children = (
				4F458ADCCD9FAF5DB9F49930 /* Pods_GoldenQuranSwift.framework */,
			);
			name = Frameworks;
			sourceTree = "<group>";
		};
		DD50508A076B3D39AEA7C3E3 /* Pods */ = {
			isa = PBXGroup;
			children = (
				C2DFA96C066E8CAB036B33C3 /* Pods-GoldenQuranSwift.debug.xcconfig */,
				5684535C192D348D0F469C4A /* Pods-GoldenQuranSwift.release.xcconfig */,
			);
			name = Pods;
			sourceTree = "<group>";
		};
/* End PBXGroup section */

/* Begin PBXNativeTarget section */
		976A89361E50E81700697DD2 /* GoldenQuranSwift */ = {
			isa = PBXNativeTarget;
			buildConfigurationList = 976A89491E50E81700697DD2 /* Build configuration list for PBXNativeTarget "GoldenQuranSwift" */;
			buildPhases = (
				4D7580484144F06DE13813D4 /* [CP] Check Pods Manifest.lock */,
				976A89331E50E81700697DD2 /* Sources */,
				976A89341E50E81700697DD2 /* Frameworks */,
				976A89351E50E81700697DD2 /* Resources */,
				60ADD95CEDD1E668EA317D85 /* [CP] Embed Pods Frameworks */,
				62E153412F661D4115DA3896 /* [CP] Copy Pods Resources */,
			);
			buildRules = (
			);
			dependencies = (
			);
			name = GoldenQuranSwift;
			productName = GoldenQuranSwift;
			productReference = 976A89371E50E81700697DD2 /* GoldenQuranSwift.app */;
			productType = "com.apple.product-type.application";
		};
/* End PBXNativeTarget section */

/* Begin PBXProject section */
		976A892F1E50E81700697DD2 /* Project object */ = {
			isa = PBXProject;
			attributes = {
				LastSwiftUpdateCheck = 0820;
				LastUpgradeCheck = 0820;
				ORGANIZATIONNAME = "Omar Fraiwan";
				TargetAttributes = {
					976A89361E50E81700697DD2 = {
						CreatedOnToolsVersion = 8.2;
						DevelopmentTeam = R3BUTRB464;
						ProvisioningStyle = Automatic;
					};
				};
			};
			buildConfigurationList = 976A89321E50E81700697DD2 /* Build configuration list for PBXProject "GoldenQuranSwift" */;
			compatibilityVersion = "Xcode 3.2";
			developmentRegion = English;
			hasScannedForEncodings = 0;
			knownRegions = (
				en,
				Base,
			);
			mainGroup = 976A892E1E50E81700697DD2;
			productRefGroup = 976A89381E50E81700697DD2 /* Products */;
			projectDirPath = "";
			projectRoot = "";
			targets = (
				976A89361E50E81700697DD2 /* GoldenQuranSwift */,
			);
		};
/* End PBXProject section */

/* Begin PBXResourcesBuildPhase section */
		976A89351E50E81700697DD2 /* Resources */ = {
			isa = PBXResourcesBuildPhase;
			buildActionMask = 2147483647;
			files = (
				1744B25B1E70512E00641FA0 /* Roboto-Medium.ttf in Resources */,
				1744B25C1E70512E00641FA0 /* Roboto-Regular.ttf in Resources */,
				976A895F1E51174100697DD2 /* Mus7af.db in Resources */,
				976A89451E50E81700697DD2 /* LaunchScreen.storyboard in Resources */,
				1761D0881E677E840026A7FC /* Mushaf.storyboard in Resources */,
				17EB64951E6F381700D518C2 /* Localizable.strings in Resources */,
				1744B2591E70512E00641FA0 /* HelveticaNeueW23-Bd.ttf in Resources */,
				97318D3E1E5A4D0500A4463B /* GoldenQuranRes in Resources */,
				976A89421E50E81700697DD2 /* Assets.xcassets in Resources */,
				976A89401E50E81700697DD2 /* Main.storyboard in Resources */,
				1744B25A1E70512E00641FA0 /* HelveticaNeueW23-Reg.ttf in Resources */,
			);
			runOnlyForDeploymentPostprocessing = 0;
		};
/* End PBXResourcesBuildPhase section */

/* Begin PBXShellScriptBuildPhase section */
		4D7580484144F06DE13813D4 /* [CP] Check Pods Manifest.lock */ = {
			isa = PBXShellScriptBuildPhase;
			buildActionMask = 2147483647;
			files = (
			);
			inputPaths = (
			);
			name = "[CP] Check Pods Manifest.lock";
			outputPaths = (
			);
			runOnlyForDeploymentPostprocessing = 0;
			shellPath = /bin/sh;
			shellScript = "diff \"${PODS_ROOT}/../Podfile.lock\" \"${PODS_ROOT}/Manifest.lock\" > /dev/null\nif [ $? != 0 ] ; then\n    # print error to STDERR\n    echo \"error: The sandbox is not in sync with the Podfile.lock. Run 'pod install' or update your CocoaPods installation.\" >&2\n    exit 1\nfi\n";
			showEnvVarsInLog = 0;
		};
		60ADD95CEDD1E668EA317D85 /* [CP] Embed Pods Frameworks */ = {
			isa = PBXShellScriptBuildPhase;
			buildActionMask = 2147483647;
			files = (
			);
			inputPaths = (
			);
			name = "[CP] Embed Pods Frameworks";
			outputPaths = (
			);
			runOnlyForDeploymentPostprocessing = 0;
			shellPath = /bin/sh;
			shellScript = "\"${SRCROOT}/Pods/Target Support Files/Pods-GoldenQuranSwift/Pods-GoldenQuranSwift-frameworks.sh\"\n";
			showEnvVarsInLog = 0;
		};
		62E153412F661D4115DA3896 /* [CP] Copy Pods Resources */ = {
			isa = PBXShellScriptBuildPhase;
			buildActionMask = 2147483647;
			files = (
			);
			inputPaths = (
			);
			name = "[CP] Copy Pods Resources";
			outputPaths = (
			);
			runOnlyForDeploymentPostprocessing = 0;
			shellPath = /bin/sh;
			shellScript = "\"${SRCROOT}/Pods/Target Support Files/Pods-GoldenQuranSwift/Pods-GoldenQuranSwift-resources.sh\"\n";
			showEnvVarsInLog = 0;
		};
/* End PBXShellScriptBuildPhase section */

/* Begin PBXSourcesBuildPhase section */
		976A89331E50E81700697DD2 /* Sources */ = {
			isa = PBXSourcesBuildPhase;
			buildActionMask = 2147483647;
			files = (
				170AFE481E5EDB7A00083424 /* StringExtensions.swift in Sources */,
				17210B1A1E8812C20055BEF3 /* PrayerTimesManager.swift in Sources */,
				17210B1E1E884D1D0055BEF3 /* PrayerTimesViewController.swift in Sources */,
				17EA2E2E1E6E02D20087FFF5 /* MushafListTableViewCell.swift in Sources */,
				1761D0861E677E400026A7FC /* MushafPageViewController.swift in Sources */,
				172329BC1E8C319A0083D4AC /* MushafFeaturesTopSummeryTableViewCell.swift in Sources */,
				976A895C1E510B5A00697DD2 /* Mus7afManager.swift in Sources */,
				976A89571E50F07A00697DD2 /* Constants.swift in Sources */,
				17210B2C1E8908950055BEF3 /* PrayerAdjustmentTableViewCell.swift in Sources */,
				17EB64901E6F35AE00D518C2 /* DateHelper.swift in Sources */,
				17EA2E2B1E6DFFF10087FFF5 /* MushafListViewController.swift in Sources */,
				1744B2681E74276200641FA0 /* SideMenuViewController.swift in Sources */,
				17EB649D1E6F4D1C00D518C2 /* LanguageManager.swift in Sources */,
				1744B2611E70584400641FA0 /* GQLabel.swift in Sources */,
				17EA2E301E6E05280087FFF5 /* DateExtensions.swift in Sources */,
				1712FA101E81EAE4004810A1 /* MushafPageManager.swift in Sources */,
				17C13D761E5CC0F8003CC179 /* AddMushafViewController.swift in Sources */,
				1744B2651E705F3C00641FA0 /* GQTextField.swift in Sources */,
				17210B181E87F8570055BEF3 /* LocationManager.swift in Sources */,
				1744B2631E705E7300641FA0 /* GQButton.swift in Sources */,
				976A895A1E510B0E00697DD2 /* Mus7af.swift in Sources */,
				976A893B1E50E81700697DD2 /* AppDelegate.swift in Sources */,
				17C13D791E5CC2A3003CC179 /* AddMushafCollectionViewCell.swift in Sources */,
				17210B2A1E8908710055BEF3 /* PrayerSettingsSoundTableViewCell.swift in Sources */,
				172329C01E8C78F90083D4AC /* MushafTopic.swift in Sources */,
				17210B241E8907E10055BEF3 /* PrayerSettingsFullTimesTableViewCell.swift in Sources */,
				17EB649B1E6F4C1300D518C2 /* UIApplicationExtension.swift in Sources */,
				976A89511E50EE2500697DD2 /* NotificationsManager.swift in Sources */,
				17210B201E89072E0055BEF3 /* PrayerSwitchEnableTableViewCell.swift in Sources */,
				1761D0831E6779A50026A7FC /* MushafViewerViewController.swift in Sources */,
				1744B25F1E70567600641FA0 /* FontManager.swift in Sources */,
				976A89531E50EEAA00697DD2 /* DBManager.swift in Sources */,
				1712FA0E1E815B67004810A1 /* HighlightRect.swift in Sources */,
				177226571E6CC1AD001AA714 /* AddMushafNameViewController.swift in Sources */,
				1744B2711E744B2300641FA0 /* GQSegmentedControl.swift in Sources */,
				17210B261E8907FD0055BEF3 /* PrayerSettingsTitleTableViewCell.swift in Sources */,
				17210B281E8908510055BEF3 /* PrayerSettingsLabelTableViewCell.swift in Sources */,
				172329BE1E8C31B80083D4AC /* MushafFeaturesIconLabelTableViewCell.swift in Sources */,
				17C13D7C1E5CC3BF003CC179 /* GradientView.swift in Sources */,
				17F30EB11E8403D2005EFEE3 /* GQHighlightView.swift in Sources */,
				1761D08A1E686C9C0026A7FC /* UIImageExtensions.swift in Sources */,
				170AFE461E5CDCA300083424 /* NSAttributedStringExtensions.swift in Sources */,
				17C13D7F1E5CC5ED003CC179 /* UIViewExtensions.swift in Sources */,
				17210B221E8907700055BEF3 /* PrayerTimeTableViewCell.swift in Sources */,
				1744B26A1E74279100641FA0 /* MushafFeaturesViewController.swift in Sources */,
			);
			runOnlyForDeploymentPostprocessing = 0;
		};
/* End PBXSourcesBuildPhase section */

/* Begin PBXVariantGroup section */
		17EB64971E6F381700D518C2 /* Localizable.strings */ = {
			isa = PBXVariantGroup;
			children = (
				17EB64961E6F381700D518C2 /* ar */,
				17EB64991E6F382300D518C2 /* Base */,
			);
			name = Localizable.strings;
			sourceTree = "<group>";
		};
		976A893E1E50E81700697DD2 /* Main.storyboard */ = {
			isa = PBXVariantGroup;
			children = (
				976A893F1E50E81700697DD2 /* Base */,
				17EB64911E6F378500D518C2 /* ar */,
			);
			name = Main.storyboard;
			sourceTree = "<group>";
		};
		976A89431E50E81700697DD2 /* LaunchScreen.storyboard */ = {
			isa = PBXVariantGroup;
			children = (
				976A89441E50E81700697DD2 /* Base */,
				17EB64921E6F378500D518C2 /* ar */,
			);
			name = LaunchScreen.storyboard;
			sourceTree = "<group>";
		};
/* End PBXVariantGroup section */

/* Begin XCBuildConfiguration section */
		976A89471E50E81700697DD2 /* Debug */ = {
			isa = XCBuildConfiguration;
			buildSettings = {
				ALWAYS_SEARCH_USER_PATHS = NO;
				CLANG_ANALYZER_LOCALIZABILITY_NONLOCALIZED = YES;
				CLANG_ANALYZER_NONNULL = YES;
				CLANG_CXX_LANGUAGE_STANDARD = "gnu++0x";
				CLANG_CXX_LIBRARY = "libc++";
				CLANG_ENABLE_MODULES = YES;
				CLANG_ENABLE_OBJC_ARC = YES;
				CLANG_WARN_BOOL_CONVERSION = YES;
				CLANG_WARN_CONSTANT_CONVERSION = YES;
				CLANG_WARN_DIRECT_OBJC_ISA_USAGE = YES_ERROR;
				CLANG_WARN_DOCUMENTATION_COMMENTS = YES;
				CLANG_WARN_EMPTY_BODY = YES;
				CLANG_WARN_ENUM_CONVERSION = YES;
				CLANG_WARN_INFINITE_RECURSION = YES;
				CLANG_WARN_INT_CONVERSION = YES;
				CLANG_WARN_OBJC_ROOT_CLASS = YES_ERROR;
				CLANG_WARN_SUSPICIOUS_MOVE = YES;
				CLANG_WARN_UNREACHABLE_CODE = YES;
				CLANG_WARN__DUPLICATE_METHOD_MATCH = YES;
				"CODE_SIGN_IDENTITY[sdk=iphoneos*]" = "iPhone Developer";
				COPY_PHASE_STRIP = NO;
				DEBUG_INFORMATION_FORMAT = dwarf;
				ENABLE_STRICT_OBJC_MSGSEND = YES;
				ENABLE_TESTABILITY = YES;
				GCC_C_LANGUAGE_STANDARD = gnu99;
				GCC_DYNAMIC_NO_PIC = NO;
				GCC_NO_COMMON_BLOCKS = YES;
				GCC_OPTIMIZATION_LEVEL = 0;
				GCC_PREPROCESSOR_DEFINITIONS = (
					"DEBUG=1",
					"$(inherited)",
				);
				GCC_WARN_64_TO_32_BIT_CONVERSION = YES;
				GCC_WARN_ABOUT_RETURN_TYPE = YES_ERROR;
				GCC_WARN_UNDECLARED_SELECTOR = YES;
				GCC_WARN_UNINITIALIZED_AUTOS = YES_AGGRESSIVE;
				GCC_WARN_UNUSED_FUNCTION = YES;
				GCC_WARN_UNUSED_VARIABLE = YES;
				IPHONEOS_DEPLOYMENT_TARGET = 10.2;
				MTL_ENABLE_DEBUG_INFO = YES;
				ONLY_ACTIVE_ARCH = YES;
				SDKROOT = iphoneos;
				SWIFT_ACTIVE_COMPILATION_CONDITIONS = DEBUG;
				SWIFT_OPTIMIZATION_LEVEL = "-Onone";
				TARGETED_DEVICE_FAMILY = "1,2";
			};
			name = Debug;
		};
		976A89481E50E81700697DD2 /* Release */ = {
			isa = XCBuildConfiguration;
			buildSettings = {
				ALWAYS_SEARCH_USER_PATHS = NO;
				CLANG_ANALYZER_LOCALIZABILITY_NONLOCALIZED = YES;
				CLANG_ANALYZER_NONNULL = YES;
				CLANG_CXX_LANGUAGE_STANDARD = "gnu++0x";
				CLANG_CXX_LIBRARY = "libc++";
				CLANG_ENABLE_MODULES = YES;
				CLANG_ENABLE_OBJC_ARC = YES;
				CLANG_WARN_BOOL_CONVERSION = YES;
				CLANG_WARN_CONSTANT_CONVERSION = YES;
				CLANG_WARN_DIRECT_OBJC_ISA_USAGE = YES_ERROR;
				CLANG_WARN_DOCUMENTATION_COMMENTS = YES;
				CLANG_WARN_EMPTY_BODY = YES;
				CLANG_WARN_ENUM_CONVERSION = YES;
				CLANG_WARN_INFINITE_RECURSION = YES;
				CLANG_WARN_INT_CONVERSION = YES;
				CLANG_WARN_OBJC_ROOT_CLASS = YES_ERROR;
				CLANG_WARN_SUSPICIOUS_MOVE = YES;
				CLANG_WARN_UNREACHABLE_CODE = YES;
				CLANG_WARN__DUPLICATE_METHOD_MATCH = YES;
				"CODE_SIGN_IDENTITY[sdk=iphoneos*]" = "iPhone Developer";
				COPY_PHASE_STRIP = NO;
				DEBUG_INFORMATION_FORMAT = "dwarf-with-dsym";
				ENABLE_NS_ASSERTIONS = NO;
				ENABLE_STRICT_OBJC_MSGSEND = YES;
				GCC_C_LANGUAGE_STANDARD = gnu99;
				GCC_NO_COMMON_BLOCKS = YES;
				GCC_WARN_64_TO_32_BIT_CONVERSION = YES;
				GCC_WARN_ABOUT_RETURN_TYPE = YES_ERROR;
				GCC_WARN_UNDECLARED_SELECTOR = YES;
				GCC_WARN_UNINITIALIZED_AUTOS = YES_AGGRESSIVE;
				GCC_WARN_UNUSED_FUNCTION = YES;
				GCC_WARN_UNUSED_VARIABLE = YES;
				IPHONEOS_DEPLOYMENT_TARGET = 10.2;
				MTL_ENABLE_DEBUG_INFO = NO;
				SDKROOT = iphoneos;
				SWIFT_OPTIMIZATION_LEVEL = "-Owholemodule";
				TARGETED_DEVICE_FAMILY = "1,2";
				VALIDATE_PRODUCT = YES;
			};
			name = Release;
		};
		976A894A1E50E81700697DD2 /* Debug */ = {
			isa = XCBuildConfiguration;
			baseConfigurationReference = C2DFA96C066E8CAB036B33C3 /* Pods-GoldenQuranSwift.debug.xcconfig */;
			buildSettings = {
				ASSETCATALOG_COMPILER_APPICON_NAME = AppIcon;
				DEVELOPMENT_TEAM = R3BUTRB464;
				INFOPLIST_FILE = GoldenQuranSwift/Info.plist;
				LD_RUNPATH_SEARCH_PATHS = "$(inherited) @executable_path/Frameworks";
				PRODUCT_BUNDLE_IDENTIFIER = com.golden.rosary;
				PRODUCT_NAME = "$(TARGET_NAME)";
				SWIFT_VERSION = 3.0;
			};
			name = Debug;
		};
		976A894B1E50E81700697DD2 /* Release */ = {
			isa = XCBuildConfiguration;
			baseConfigurationReference = 5684535C192D348D0F469C4A /* Pods-GoldenQuranSwift.release.xcconfig */;
			buildSettings = {
				ASSETCATALOG_COMPILER_APPICON_NAME = AppIcon;
				DEVELOPMENT_TEAM = R3BUTRB464;
				INFOPLIST_FILE = GoldenQuranSwift/Info.plist;
				LD_RUNPATH_SEARCH_PATHS = "$(inherited) @executable_path/Frameworks";
				PRODUCT_BUNDLE_IDENTIFIER = com.golden.rosary;
				PRODUCT_NAME = "$(TARGET_NAME)";
				SWIFT_VERSION = 3.0;
			};
			name = Release;
		};
/* End XCBuildConfiguration section */

/* Begin XCConfigurationList section */
		976A89321E50E81700697DD2 /* Build configuration list for PBXProject "GoldenQuranSwift" */ = {
			isa = XCConfigurationList;
			buildConfigurations = (
				976A89471E50E81700697DD2 /* Debug */,
				976A89481E50E81700697DD2 /* Release */,
			);
			defaultConfigurationIsVisible = 0;
			defaultConfigurationName = Release;
		};
		976A89491E50E81700697DD2 /* Build configuration list for PBXNativeTarget "GoldenQuranSwift" */ = {
			isa = XCConfigurationList;
			buildConfigurations = (
				976A894A1E50E81700697DD2 /* Debug */,
				976A894B1E50E81700697DD2 /* Release */,
			);
			defaultConfigurationIsVisible = 0;
			defaultConfigurationName = Release;
		};
/* End XCConfigurationList section */
	};
	rootObject = 976A892F1E50E81700697DD2 /* Project object */;
}
